
Microsoft Visual Studio Solution File, Format Version 12.00
# Visual Studio Version 16
VisualStudioVersion = 16.0.31911.196
MinimumVisualStudioVersion = 10.0.40219.1
Project("{9A19103F-16F7-4668-BE54-9A1E7A4F7556}") = "CarSharingBooking", "CarSharingBooking\CarSharingBooking.csproj", "{4B7599DA-2C3B-43C1-AFBD-70D8B300075C}"
EndProject
Project("{FAE04EC0-301F-11D3-BF4B-00C04F79EFBC}") = "CarSharingBookingTests", "CarSharingBookingTests\CarSharingBookingTests.csproj", "{7385732D-F898-4C3B-ADAE-51D5CF2AF75F}"
EndProject
Global
	GlobalSection(SolutionConfigurationPlatforms) = preSolution
		Debug|Any CPU = Debug|Any CPU
		Release|Any CPU = Release|Any CPU
	EndGlobalSection
	GlobalSection(ProjectConfigurationPlatforms) = postSolution
		{4B7599DA-2C3B-43C1-AFBD-70D8B300075C}.Debug|Any CPU.ActiveCfg = Debug|Any CPU
		{4B7599DA-2C3B-43C1-AFBD-70D8B300075C}.Debug|Any CPU.Build.0 = Debug|Any CPU
		{4B7599DA-2C3B-43C1-AFBD-70D8B300075C}.Release|Any CPU.ActiveCfg = Release|Any CPU
		{4B7599DA-2C3B-43C1-AFBD-70D8B300075C}.Release|Any CPU.Build.0 = Release|Any CPU
		{7385732D-F898-4C3B-ADAE-51D5CF2AF75F}.Debug|Any CPU.ActiveCfg = Debug|Any CPU
		{7385732D-F898-4C3B-ADAE-51D5CF2AF75F}.Debug|Any CPU.Build.0 = Debug|Any CPU
		{7385732D-F898-4C3B-ADAE-51D5CF2AF75F}.Release|Any CPU.ActiveCfg = Release|Any CPU
		{7385732D-F898-4C3B-ADAE-51D5CF2AF75F}.Release|Any CPU.Build.0 = Release|Any CPU
	EndGlobalSection
	GlobalSection(SolutionProperties) = preSolution
		HideSolutionNode = FALSE
	EndGlobalSection
	GlobalSection(ExtensibilityGlobals) = postSolution
		SolutionGuid = {CF06623C-54F0-45DC-910D-3B469EF1492C}
	EndGlobalSection
EndGlobal
